
Microsoft Visual Studio Solution File, Format Version 12.00
# Visual Studio 15
VisualStudioVersion = 15.0.28307.1082
MinimumVisualStudioVersion = 10.0.40219.1
Project("{FAE04EC0-301F-11D3-BF4B-00C04F79EFBC}") = "XamCam.Android", "XamCam\XamCam.Android\XamCam.Android.csproj", "{B9FC3262-B55A-4881-9280-A3C5F44DC9FA}"
EndProject
Project("{FAE04EC0-301F-11D3-BF4B-00C04F79EFBC}") = "XamCam.iOS", "XamCam\XamCam.iOS\XamCam.iOS.csproj", "{AAA247E9-A3AA-4185-A385-347E033C3A2A}"
EndProject
Project("{FAE04EC0-301F-11D3-BF4B-00C04F79EFBC}") = "XamCam", "XamCam\XamCam\XamCam.csproj", "{7446E834-00C6-4FB1-934F-CE44B5958898}"
EndProject
Global
	GlobalSection(SolutionConfigurationPlatforms) = preSolution
		Ad-Hoc|Any CPU = Ad-Hoc|Any CPU
		Ad-Hoc|iPhone = Ad-Hoc|iPhone
		Ad-Hoc|iPhoneSimulator = Ad-Hoc|iPhoneSimulator
		AppStore|Any CPU = AppStore|Any CPU
		AppStore|iPhone = AppStore|iPhone
		AppStore|iPhoneSimulator = AppStore|iPhoneSimulator
		Debug|Any CPU = Debug|Any CPU
		Debug|iPhone = Debug|iPhone
		Debug|iPhoneSimulator = Debug|iPhoneSimulator
		Release|Any CPU = Release|Any CPU
		Release|iPhone = Release|iPhone
		Release|iPhoneSimulator = Release|iPhoneSimulator
	EndGlobalSection
	GlobalSection(ProjectConfigurationPlatforms) = postSolution
		{B9FC3262-B55A-4881-9280-A3C5F44DC9FA}.Ad-Hoc|Any CPU.ActiveCfg = Release|Any CPU
		{B9FC3262-B55A-4881-9280-A3C5F44DC9FA}.Ad-Hoc|Any CPU.Build.0 = Release|Any CPU
		{B9FC3262-B55A-4881-9280-A3C5F44DC9FA}.Ad-Hoc|Any CPU.Deploy.0 = Release|Any CPU
		{B9FC3262-B55A-4881-9280-A3C5F44DC9FA}.Ad-Hoc|iPhone.ActiveCfg = Release|Any CPU
		{B9FC3262-B55A-4881-9280-A3C5F44DC9FA}.Ad-Hoc|iPhone.Build.0 = Release|Any CPU
		{B9FC3262-B55A-4881-9280-A3C5F44DC9FA}.Ad-Hoc|iPhone.Deploy.0 = Release|Any CPU
		{B9FC3262-B55A-4881-9280-A3C5F44DC9FA}.Ad-Hoc|iPhoneSimulator.ActiveCfg = Release|Any CPU
		{B9FC3262-B55A-4881-9280-A3C5F44DC9FA}.Ad-Hoc|iPhoneSimulator.Build.0 = Release|Any CPU
		{B9FC3262-B55A-4881-9280-A3C5F44DC9FA}.Ad-Hoc|iPhoneSimulator.Deploy.0 = Release|Any CPU
		{B9FC3262-B55A-4881-9280-A3C5F44DC9FA}.AppStore|Any CPU.ActiveCfg = Release|Any CPU
		{B9FC3262-B55A-4881-9280-A3C5F44DC9FA}.AppStore|Any CPU.Build.0 = Release|Any CPU
		{B9FC3262-B55A-4881-9280-A3C5F44DC9FA}.AppStore|Any CPU.Deploy.0 = Release|Any CPU
		{B9FC3262-B55A-4881-9280-A3C5F44DC9FA}.AppStore|iPhone.ActiveCfg = Release|Any CPU
		{B9FC3262-B55A-4881-9280-A3C5F44DC9FA}.AppStore|iPhone.Build.0 = Release|Any CPU
		{B9FC3262-B55A-4881-9280-A3C5F44DC9FA}.AppStore|iPhone.Deploy.0 = Release|Any CPU
		{B9FC3262-B55A-4881-9280-A3C5F44DC9FA}.AppStore|iPhoneSimulator.ActiveCfg = Release|Any CPU
		{B9FC3262-B55A-4881-9280-A3C5F44DC9FA}.AppStore|iPhoneSimulator.Build.0 = Release|Any CPU
		{B9FC3262-B55A-4881-9280-A3C5F44DC9FA}.AppStore|iPhoneSimulator.Deploy.0 = Release|Any CPU
		{B9FC3262-B55A-4881-9280-A3C5F44DC9FA}.Debug|Any CPU.ActiveCfg = Debug|Any CPU
		{B9FC3262-B55A-4881-9280-A3C5F44DC9FA}.Debug|Any CPU.Build.0 = Debug|Any CPU
		{B9FC3262-B55A-4881-9280-A3C5F44DC9FA}.Debug|Any CPU.Deploy.0 = Debug|Any CPU
		{B9FC3262-B55A-4881-9280-A3C5F44DC9FA}.Debug|iPhone.ActiveCfg = Debug|Any CPU
		{B9FC3262-B55A-4881-9280-A3C5F44DC9FA}.Debug|iPhone.Build.0 = Debug|Any CPU
		{B9FC3262-B55A-4881-9280-A3C5F44DC9FA}.Debug|iPhone.Deploy.0 = Debug|Any CPU
		{B9FC3262-B55A-4881-9280-A3C5F44DC9FA}.Debug|iPhoneSimulator.ActiveCfg = Debug|Any CPU
		{B9FC3262-B55A-4881-9280-A3C5F44DC9FA}.Debug|iPhoneSimulator.Build.0 = Debug|Any CPU
		{B9FC3262-B55A-4881-9280-A3C5F44DC9FA}.Debug|iPhoneSimulator.Deploy.0 = Debug|Any CPU
		{B9FC3262-B55A-4881-9280-A3C5F44DC9FA}.Release|Any CPU.ActiveCfg = Release|Any CPU
		{B9FC3262-B55A-4881-9280-A3C5F44DC9FA}.Release|Any CPU.Build.0 = Release|Any CPU
		{B9FC3262-B55A-4881-9280-A3C5F44DC9FA}.Release|Any CPU.Deploy.0 = Release|Any CPU
		{B9FC3262-B55A-4881-9280-A3C5F44DC9FA}.Release|iPhone.ActiveCfg = Release|Any CPU
		{B9FC3262-B55A-4881-9280-A3C5F44DC9FA}.Release|iPhone.Build.0 = Release|Any CPU
		{B9FC3262-B55A-4881-9280-A3C5F44DC9FA}.Release|iPhone.Deploy.0 = Release|Any CPU
		{B9FC3262-B55A-4881-9280-A3C5F44DC9FA}.Release|iPhoneSimulator.ActiveCfg = Release|Any CPU
		{B9FC3262-B55A-4881-9280-A3C5F44DC9FA}.Release|iPhoneSimulator.Build.0 = Release|Any CPU
		{B9FC3262-B55A-4881-9280-A3C5F44DC9FA}.Release|iPhoneSimulator.Deploy.0 = Release|Any CPU
		{AAA247E9-A3AA-4185-A385-347E033C3A2A}.Ad-Hoc|Any CPU.ActiveCfg = Ad-Hoc|iPhone
		{AAA247E9-A3AA-4185-A385-347E033C3A2A}.Ad-Hoc|Any CPU.Build.0 = Ad-Hoc|iPhone
		{AAA247E9-A3AA-4185-A385-347E033C3A2A}.Ad-Hoc|Any CPU.Deploy.0 = Ad-Hoc|iPhone
		{AAA247E9-A3AA-4185-A385-347E033C3A2A}.Ad-Hoc|iPhone.ActiveCfg = Ad-Hoc|iPhone
		{AAA247E9-A3AA-4185-A385-347E033C3A2A}.Ad-Hoc|iPhone.Build.0 = Ad-Hoc|iPhone
		{AAA247E9-A3AA-4185-A385-347E033C3A2A}.Ad-Hoc|iPhone.Deploy.0 = Ad-Hoc|iPhone
		{AAA247E9-A3AA-4185-A385-347E033C3A2A}.Ad-Hoc|iPhoneSimulator.ActiveCfg = Ad-Hoc|iPhoneSimulator
		{AAA247E9-A3AA-4185-A385-347E033C3A2A}.Ad-Hoc|iPhoneSimulator.Build.0 = Ad-Hoc|iPhoneSimulator
		{AAA247E9-A3AA-4185-A385-347E033C3A2A}.Ad-Hoc|iPhoneSimulator.Deploy.0 = Ad-Hoc|iPhoneSimulator
		{AAA247E9-A3AA-4185-A385-347E033C3A2A}.AppStore|Any CPU.ActiveCfg = AppStore|iPhone
		{AAA247E9-A3AA-4185-A385-347E033C3A2A}.AppStore|Any CPU.Build.0 = AppStore|iPhone
		{AAA247E9-A3AA-4185-A385-347E033C3A2A}.AppStore|Any CPU.Deploy.0 = AppStore|iPhone
		{AAA247E9-A3AA-4185-A385-347E033C3A2A}.AppStore|iPhone.ActiveCfg = AppStore|iPhone
		{AAA247E9-A3AA-4185-A385-347E033C3A2A}.AppStore|iPhone.Build.0 = AppStore|iPhone
		{AAA247E9-A3AA-4185-A385-347E033C3A2A}.AppStore|iPhone.Deploy.0 = AppStore|iPhone
		{AAA247E9-A3AA-4185-A385-347E033C3A2A}.AppStore|iPhoneSimulator.ActiveCfg = AppStore|iPhoneSimulator
		{AAA247E9-A3AA-4185-A385-347E033C3A2A}.AppStore|iPhoneSimulator.Build.0 = AppStore|iPhoneSimulator
		{AAA247E9-A3AA-4185-A385-347E033C3A2A}.AppStore|iPhoneSimulator.Deploy.0 = AppStore|iPhoneSimulator
		{AAA247E9-A3AA-4185-A385-347E033C3A2A}.Debug|Any CPU.ActiveCfg = Debug|iPhoneSimulator
		{AAA247E9-A3AA-4185-A385-347E033C3A2A}.Debug|Any CPU.Build.0 = Debug|iPhoneSimulator
		{AAA247E9-A3AA-4185-A385-347E033C3A2A}.Debug|Any CPU.Deploy.0 = Debug|iPhoneSimulator
		{AAA247E9-A3AA-4185-A385-347E033C3A2A}.Debug|iPhone.ActiveCfg = Debug|iPhone
		{AAA247E9-A3AA-4185-A385-347E033C3A2A}.Debug|iPhone.Build.0 = Debug|iPhone
		{AAA247E9-A3AA-4185-A385-347E033C3A2A}.Debug|iPhone.Deploy.0 = Debug|iPhone
		{AAA247E9-A3AA-4185-A385-347E033C3A2A}.Debug|iPhoneSimulator.ActiveCfg = Debug|iPhoneSimulator
		{AAA247E9-A3AA-4185-A385-347E033C3A2A}.Debug|iPhoneSimulator.Build.0 = Debug|iPhoneSimulator
		{AAA247E9-A3AA-4185-A385-347E033C3A2A}.Debug|iPhoneSimulator.Deploy.0 = Debug|iPhoneSimulator
		{AAA247E9-A3AA-4185-A385-347E033C3A2A}.Release|Any CPU.ActiveCfg = Release|iPhone
		{AAA247E9-A3AA-4185-A385-347E033C3A2A}.Release|Any CPU.Build.0 = Release|iPhone
		{AAA247E9-A3AA-4185-A385-347E033C3A2A}.Release|Any CPU.Deploy.0 = Release|iPhone
		{AAA247E9-A3AA-4185-A385-347E033C3A2A}.Release|iPhone.ActiveCfg = Release|iPhone
		{AAA247E9-A3AA-4185-A385-347E033C3A2A}.Release|iPhone.Build.0 = Release|iPhone
		{AAA247E9-A3AA-4185-A385-347E033C3A2A}.Release|iPhone.Deploy.0 = Release|iPhone
		{AAA247E9-A3AA-4185-A385-347E033C3A2A}.Release|iPhoneSimulator.ActiveCfg = Release|iPhoneSimulator
		{AAA247E9-A3AA-4185-A385-347E033C3A2A}.Release|iPhoneSimulator.Build.0 = Release|iPhoneSimulator
		{AAA247E9-A3AA-4185-A385-347E033C3A2A}.Release|iPhoneSimulator.Deploy.0 = Release|iPhoneSimulator
		{7446E834-00C6-4FB1-934F-CE44B5958898}.Ad-Hoc|Any CPU.ActiveCfg = Debug|Any CPU
		{7446E834-00C6-4FB1-934F-CE44B5958898}.Ad-Hoc|Any CPU.Build.0 = Debug|Any CPU
		{7446E834-00C6-4FB1-934F-CE44B5958898}.Ad-Hoc|Any CPU.Deploy.0 = Debug|Any CPU
		{7446E834-00C6-4FB1-934F-CE44B5958898}.Ad-Hoc|iPhone.ActiveCfg = Debug|Any CPU
		{7446E834-00C6-4FB1-934F-CE44B5958898}.Ad-Hoc|iPhone.Build.0 = Debug|Any CPU
		{7446E834-00C6-4FB1-934F-CE44B5958898}.Ad-Hoc|iPhone.Deploy.0 = Debug|Any CPU
		{7446E834-00C6-4FB1-934F-CE44B5958898}.Ad-Hoc|iPhoneSimulator.ActiveCfg = Debug|Any CPU
		{7446E834-00C6-4FB1-934F-CE44B5958898}.Ad-Hoc|iPhoneSimulator.Build.0 = Debug|Any CPU
		{7446E834-00C6-4FB1-934F-CE44B5958898}.Ad-Hoc|iPhoneSimulator.Deploy.0 = Debug|Any CPU
		{7446E834-00C6-4FB1-934F-CE44B5958898}.AppStore|Any CPU.ActiveCfg = Debug|Any CPU
		{7446E834-00C6-4FB1-934F-CE44B5958898}.AppStore|Any CPU.Build.0 = Debug|Any CPU
		{7446E834-00C6-4FB1-934F-CE44B5958898}.AppStore|Any CPU.Deploy.0 = Debug|Any CPU
		{7446E834-00C6-4FB1-934F-CE44B5958898}.AppStore|iPhone.ActiveCfg = Debug|Any CPU
		{7446E834-00C6-4FB1-934F-CE44B5958898}.AppStore|iPhone.Build.0 = Debug|Any CPU
		{7446E834-00C6-4FB1-934F-CE44B5958898}.AppStore|iPhone.Deploy.0 = Debug|Any CPU
		{7446E834-00C6-4FB1-934F-CE44B5958898}.AppStore|iPhoneSimulator.ActiveCfg = Debug|Any CPU
		{7446E834-00C6-4FB1-934F-CE44B5958898}.AppStore|iPhoneSimulator.Build.0 = Debug|Any CPU
		{7446E834-00C6-4FB1-934F-CE44B5958898}.AppStore|iPhoneSimulator.Deploy.0 = Debug|Any CPU
		{7446E834-00C6-4FB1-934F-CE44B5958898}.Debug|Any CPU.ActiveCfg = Debug|Any CPU
		{7446E834-00C6-4FB1-934F-CE44B5958898}.Debug|Any CPU.Build.0 = Debug|Any CPU
		{7446E834-00C6-4FB1-934F-CE44B5958898}.Debug|Any CPU.Deploy.0 = Debug|Any CPU
		{7446E834-00C6-4FB1-934F-CE44B5958898}.Debug|iPhone.ActiveCfg = Debug|Any CPU
		{7446E834-00C6-4FB1-934F-CE44B5958898}.Debug|iPhone.Build.0 = Debug|Any CPU
		{7446E834-00C6-4FB1-934F-CE44B5958898}.Debug|iPhone.Deploy.0 = Debug|Any CPU
		{7446E834-00C6-4FB1-934F-CE44B5958898}.Debug|iPhoneSimulator.ActiveCfg = Debug|Any CPU
		{7446E834-00C6-4FB1-934F-CE44B5958898}.Debug|iPhoneSimulator.Build.0 = Debug|Any CPU
		{7446E834-00C6-4FB1-934F-CE44B5958898}.Debug|iPhoneSimulator.Deploy.0 = Debug|Any CPU
		{7446E834-00C6-4FB1-934F-CE44B5958898}.Release|Any CPU.ActiveCfg = Release|Any CPU
		{7446E834-00C6-4FB1-934F-CE44B5958898}.Release|Any CPU.Build.0 = Release|Any CPU
		{7446E834-00C6-4FB1-934F-CE44B5958898}.Release|Any CPU.Deploy.0 = Release|Any CPU
		{7446E834-00C6-4FB1-934F-CE44B5958898}.Release|iPhone.ActiveCfg = Release|Any CPU
		{7446E834-00C6-4FB1-934F-CE44B5958898}.Release|iPhone.Build.0 = Release|Any CPU
		{7446E834-00C6-4FB1-934F-CE44B5958898}.Release|iPhone.Deploy.0 = Release|Any CPU
		{7446E834-00C6-4FB1-934F-CE44B5958898}.Release|iPhoneSimulator.ActiveCfg = Release|Any CPU
		{7446E834-00C6-4FB1-934F-CE44B5958898}.Release|iPhoneSimulator.Build.0 = Release|Any CPU
		{7446E834-00C6-4FB1-934F-CE44B5958898}.Release|iPhoneSimulator.Deploy.0 = Release|Any CPU
	EndGlobalSection
	GlobalSection(SolutionProperties) = preSolution
		HideSolutionNode = FALSE
	EndGlobalSection
	GlobalSection(ExtensibilityGlobals) = postSolution
		SolutionGuid = {5E10CF64-3093-48D1-AB49-D086715C587E}
	EndGlobalSection
EndGlobal
